
Microsoft Visual Studio Solution File, Format Version 12.00
# Visual Studio Version 17
VisualStudioVersion = 17.12.35527.113
MinimumVisualStudioVersion = 10.0.40219.1
Project("{FAE04EC0-301F-11D3-BF4B-00C04F79EFBC}") = "MyASPWebSite", "MyASPWebSite\MyASPWebSite.csproj", "{8744E3B5-5177-4D76-8E5D-B4DD0D72A2A4}"
EndProject
Project("{FAE04EC0-301F-11D3-BF4B-00C04F79EFBC}") = "Welcome to Acme Accounting Systems", "Welcome to Acme Accounting Systems\Welcome to Acme Accounting Systems.csproj", "{4A5FD4B6-96C2-42F7-AB6F-1B22083C52E0}"
EndProject
Project("{FAE04EC0-301F-11D3-BF4B-00C04F79EFBC}") = "Package_Express", "VariablesAndDataTypes\Package_Express.csproj", "{DE5705AE-6829-4ADE-B39F-3096401EAC77}"
EndProject
Global
	GlobalSection(SolutionConfigurationPlatforms) = preSolution
		Debug|Any CPU = Debug|Any CPU
		Release|Any CPU = Release|Any CPU
	EndGlobalSection
	GlobalSection(ProjectConfigurationPlatforms) = postSolution
		{8744E3B5-5177-4D76-8E5D-B4DD0D72A2A4}.Debug|Any CPU.ActiveCfg = Debug|Any CPU
		{8744E3B5-5177-4D76-8E5D-B4DD0D72A2A4}.Debug|Any CPU.Build.0 = Debug|Any CPU
		{8744E3B5-5177-4D76-8E5D-B4DD0D72A2A4}.Release|Any CPU.ActiveCfg = Release|Any CPU
		{8744E3B5-5177-4D76-8E5D-B4DD0D72A2A4}.Release|Any CPU.Build.0 = Release|Any CPU
		{4A5FD4B6-96C2-42F7-AB6F-1B22083C52E0}.Debug|Any CPU.ActiveCfg = Debug|Any CPU
		{4A5FD4B6-96C2-42F7-AB6F-1B22083C52E0}.Debug|Any CPU.Build.0 = Debug|Any CPU
		{4A5FD4B6-96C2-42F7-AB6F-1B22083C52E0}.Release|Any CPU.ActiveCfg = Release|Any CPU
		{4A5FD4B6-96C2-42F7-AB6F-1B22083C52E0}.Release|Any CPU.Build.0 = Release|Any CPU
		{DE5705AE-6829-4ADE-B39F-3096401EAC77}.Debug|Any CPU.ActiveCfg = Debug|Any CPU
		{DE5705AE-6829-4ADE-B39F-3096401EAC77}.Debug|Any CPU.Build.0 = Debug|Any CPU
		{DE5705AE-6829-4ADE-B39F-3096401EAC77}.Release|Any CPU.ActiveCfg = Release|Any CPU
		{DE5705AE-6829-4ADE-B39F-3096401EAC77}.Release|Any CPU.Build.0 = Release|Any CPU
	EndGlobalSection
	GlobalSection(SolutionProperties) = preSolution
		HideSolutionNode = FALSE
	EndGlobalSection
EndGlobal
